
Microsoft Visual Studio Solution File, Format Version 12.00
# Visual Studio Version 17
VisualStudioVersion = 17.3.32901.215
MinimumVisualStudioVersion = 10.0.40219.1
Project("{9A19103F-16F7-4668-BE54-9A1E7A4F7556}") = "Shop_MVC_VPD_121", "Shop_MVC_VPD_121\Shop_MVC_VPD_121.csproj", "{703698DB-44E4-41D9-8E47-3ABDEEEF62DA}"
EndProject
Project("{FAE04EC0-301F-11D3-BF4B-00C04F79EFBC}") = "DataAccess", "DataAccess\DataAccess.csproj", "{9A5E19DE-7F3B-4C90-9B97-37C99FD50FDA}"
EndProject
Global
	GlobalSection(SolutionConfigurationPlatforms) = preSolution
		Debug|Any CPU = Debug|Any CPU
		Release|Any CPU = Release|Any CPU
	EndGlobalSection
	GlobalSection(ProjectConfigurationPlatforms) = postSolution
		{703698DB-44E4-41D9-8E47-3ABDEEEF62DA}.Debug|Any CPU.ActiveCfg = Debug|Any CPU
		{703698DB-44E4-41D9-8E47-3ABDEEEF62DA}.Debug|Any CPU.Build.0 = Debug|Any CPU
		{703698DB-44E4-41D9-8E47-3ABDEEEF62DA}.Release|Any CPU.ActiveCfg = Release|Any CPU
		{703698DB-44E4-41D9-8E47-3ABDEEEF62DA}.Release|Any CPU.Build.0 = Release|Any CPU
		{9A5E19DE-7F3B-4C90-9B97-37C99FD50FDA}.Debug|Any CPU.ActiveCfg = Debug|Any CPU
		{9A5E19DE-7F3B-4C90-9B97-37C99FD50FDA}.Debug|Any CPU.Build.0 = Debug|Any CPU
		{9A5E19DE-7F3B-4C90-9B97-37C99FD50FDA}.Release|Any CPU.ActiveCfg = Release|Any CPU
		{9A5E19DE-7F3B-4C90-9B97-37C99FD50FDA}.Release|Any CPU.Build.0 = Release|Any CPU
	EndGlobalSection
	GlobalSection(SolutionProperties) = preSolution
		HideSolutionNode = FALSE
	EndGlobalSection
	GlobalSection(ExtensibilityGlobals) = postSolution
		SolutionGuid = {093C04F6-D950-4AA7-B261-3ECBE858740C}
	EndGlobalSection
EndGlobal
